{
    "name": "studioM",
    "version": "1.0.0",
    "lockfileVersion": 1,
    "requires": true,
    "dependencies": {
        "vue-gallery-slideshow": {
            "version": "1.2.4",
            "resolved": "https://registry.npmjs.org/vue-gallery-slideshow/-/vue-gallery-slideshow-1.2.4.tgz",
            "integrity": "sha512-DlJwyQS4bfO230/Gy77dhyfizRGS+CF6brgDoXmAnY9987T5zjYW/1m3TuX1Py1lMGHtSDrwLHHq7gJNU3GQiw=="
        }
    }
}
